
Microsoft Visual Studio Solution File, Format Version 12.00
# Visual Studio Version 16
VisualStudioVersion = 16.0.32602.291
MinimumVisualStudioVersion = 10.0.40219.1
Project("{FAE04EC0-301F-11D3-BF4B-00C04F79EFBC}") = "JenkinsApp", "JenkinsApp\JenkinsApp.csproj", "{58874F80-9360-49D3-B535-5C8A314BAC54}"
EndProject
Global
	GlobalSection(SolutionConfigurationPlatforms) = preSolution
		Debug|Any CPU = Debug|Any CPU
		Release|Any CPU = Release|Any CPU
	EndGlobalSection
	GlobalSection(ProjectConfigurationPlatforms) = postSolution
		{58874F80-9360-49D3-B535-5C8A314BAC54}.Debug|Any CPU.ActiveCfg = Debug|Any CPU
		{58874F80-9360-49D3-B535-5C8A314BAC54}.Debug|Any CPU.Build.0 = Debug|Any CPU
		{58874F80-9360-49D3-B535-5C8A314BAC54}.Release|Any CPU.ActiveCfg = Release|Any CPU
		{58874F80-9360-49D3-B535-5C8A314BAC54}.Release|Any CPU.Build.0 = Release|Any CPU
	EndGlobalSection
	GlobalSection(SolutionProperties) = preSolution
		HideSolutionNode = FALSE
	EndGlobalSection
	GlobalSection(ExtensibilityGlobals) = postSolution
		SolutionGuid = {D59288D1-6578-41DF-9FB3-78E94EAB484F}
	EndGlobalSection
EndGlobal
